{
	"name": "@rematch/persist",
	"version": "1.1.6",
	"lockfileVersion": 1,
	"requires": true,
	"dependencies": {
		"@types/react": {
			"version": "16.8.23",
			"resolved": "https://registry.npmjs.org/@types/react/-/react-16.8.23.tgz",
			"integrity": "sha512-abkEOIeljniUN9qB5onp++g0EY38h7atnDHxwKUFz1r3VH1+yG1OKi2sNPTyObL40goBmfKFpdii2lEzwLX1cA==",
			"dev": true,
			"requires": {
				"@types/prop-types": "*",
				"csstype": "^2.2.0"
			},
			"dependencies": {
				"@types/prop-types": {
					"version": "15.7.1",
					"resolved": "https://registry.npmjs.org/@types/prop-types/-/prop-types-15.7.1.tgz",
					"integrity": "sha512-CFzn9idOEpHrgdw8JsoTkaDDyRWk1jrzIV8djzcgpq0y9tG4B4lFT+Nxh52DVpDXV+n4+NPNv7M1Dj5uMp6XFg==",
					"dev": true
				},
				"csstype": {
					"version": "2.6.5",
					"resolved": "https://registry.npmjs.org/csstype/-/csstype-2.6.5.tgz",
					"integrity": "sha512-JsTaiksRsel5n7XwqPAfB0l3TFKdpjW/kgAELf9vrb5adGA7UCPLajKK5s3nFrcFm3Rkyp/Qkgl73ENc1UY3cA==",
					"dev": true
				}
			}
		},
		"react": {
			"version": "16.8.6",
			"resolved": "https://registry.npmjs.org/react/-/react-16.8.6.tgz",
			"integrity": "sha512-pC0uMkhLaHm11ZSJULfOBqV4tIZkx87ZLvbbQYunNixAAvjnC+snJCg0XQXn9VIsttVsbZP/H/ewzgsd5fxKXw==",
			"dev": true,
			"requires": {
				"loose-envify": "^1.1.0",
				"object-assign": "^4.1.1",
				"prop-types": "^15.6.2",
				"scheduler": "^0.13.6"
			},
			"dependencies": {
				"js-tokens": {
					"version": "4.0.0",
					"resolved": "https://registry.npmjs.org/js-tokens/-/js-tokens-4.0.0.tgz",
					"integrity": "sha512-RdJUflcE3cUzKiMqQgsCu06FPu9UdIJO0beYbPhHN4k6apgJtifcoCtT9bcxOpYBtpD2kCM6Sbzg4CausW/PKQ==",
					"dev": true
				},
				"loose-envify": {
					"version": "1.4.0",
					"resolved": "https://registry.npmjs.org/loose-envify/-/loose-envify-1.4.0.tgz",
					"integrity": "sha512-lyuxPGr/Wfhrlem2CL/UcnUc1zcqKAImBDzukY7Y5F/yQiNdko6+fRLevlw1HgMySw7f611UIY408EtxRSoK3Q==",
					"dev": true,
					"requires": {
						"js-tokens": "^3.0.0 || ^4.0.0"
					}
				},
				"object-assign": {
					"version": "4.1.1",
					"resolved": "https://registry.npmjs.org/object-assign/-/object-assign-4.1.1.tgz",
					"integrity": "sha1-IQmtx5ZYh8/AXLvUQsrIv7s2CGM=",
					"dev": true
				},
				"prop-types": {
					"version": "15.7.2",
					"resolved": "https://registry.npmjs.org/prop-types/-/prop-types-15.7.2.tgz",
					"integrity": "sha512-8QQikdH7//R2vurIJSutZ1smHYTcLpRWEOlHnzcWHmBYrOGUysKwSsrC89BCiFj3CbrfJ/nXFdJepOVrY1GCHQ==",
					"dev": true,
					"requires": {
						"loose-envify": "^1.4.0",
						"object-assign": "^4.1.1",
						"react-is": "^16.8.1"
					}
				},
				"react-is": {
					"version": "16.8.6",
					"resolved": "https://registry.npmjs.org/react-is/-/react-is-16.8.6.tgz",
					"integrity": "sha512-aUk3bHfZ2bRSVFFbbeVS4i+lNPZr3/WM5jT2J5omUVV1zzcs1nAaf3l51ctA5FFvCRbhrH0bdAsRRQddFJZPtA==",
					"dev": true
				},
				"scheduler": {
					"version": "0.13.6",
					"resolved": "https://registry.npmjs.org/scheduler/-/scheduler-0.13.6.tgz",
					"integrity": "sha512-IWnObHt413ucAYKsD9J1QShUKkbKLQQHdxRyw73sw4FN26iWr3DY/H34xGPe4nmL1DwXyWmSWmMrA9TfQbE/XQ==",
					"dev": true,
					"requires": {
						"loose-envify": "^1.1.0",
						"object-assign": "^4.1.1"
					}
				}
			}
		}
	}
}
