{
  "name": "@rematch/loading",
  "version": "1.0.0",
  "lockfileVersion": 1,
  "requires": true,
  "dependencies": {
    "@rematch/core": {
      "version": "0.4.1",
      "resolved": "https://registry.npmjs.org/@rematch/core/-/core-0.4.1.tgz",
      "integrity": "sha512-kd7uDUBQvyPeIWWM0KR3iGqNT/ZAv72y1obLEceOw3yayJZfYyfp29dxj9zShNZjLVOYvEvg0aU+PEFCfYnAQQ==",
      "dev": true,
      "requires": {
        "redux": "3.7.2"
      }
    },
    "@rematch/select": {
      "version": "0.3.0",
      "resolved": "https://registry.npmjs.org/@rematch/select/-/select-0.3.0.tgz",
      "integrity": "sha512-8llmTYaKTq1fr3gmuvvErVeC9cEvdXeMu/NMzHdLQlDlzTdu+p89Uif7mCa2lX4HV4qz2bIp2ObabXDued2S4w==",
      "dev": true
    },
    "@types/acorn": {
      "version": "4.0.3",
      "resolved": "https://registry.npmjs.org/@types/acorn/-/acorn-4.0.3.tgz",
      "integrity": "sha512-gou/kWQkGPMZjdCKNZGDpqxLm9+ErG/pFZKPX4tvCjr0Xf4FCYYX3nAsu7aDVKJV3KUe27+mvqqyWT/9VZoM/A==",
      "dev": true,
      "requires": {
        "@types/estree": "0.0.38"
      }
    },
    "@types/estree": {
      "version": "0.0.38",
      "resolved": "https://registry.npmjs.org/@types/estree/-/estree-0.0.38.tgz",
      "integrity": "sha512-F/v7t1LwS4vnXuPooJQGBRKRGIoxWUTmA4VHfqjOccFsNDThD5bfUNpITive6s352O7o384wcpEaDV8rHCehDA==",
      "dev": true
    },
    "acorn": {
      "version": "5.5.3",
      "resolved": "https://registry.npmjs.org/acorn/-/acorn-5.5.3.tgz",
      "integrity": "sha512-jd5MkIUlbbmb07nXH0DT3y7rDVtkzDi4XZOUVWAer8ajmF/DTSSbl5oNFyDOl/OXA33Bl79+ypHhl2pN20VeOQ==",
      "dev": true
    },
    "acorn-dynamic-import": {
      "version": "3.0.0",
      "resolved": "https://registry.npmjs.org/acorn-dynamic-import/-/acorn-dynamic-import-3.0.0.tgz",
      "integrity": "sha512-zVWV8Z8lislJoOKKqdNMOB+s6+XV5WERty8MnKBeFgwA+19XJjJHs2RP5dzM57FftIs+jQnRToLiWazKr6sSWg==",
      "dev": true,
      "requires": {
        "acorn": "5.5.3"
      }
    },
    "arr-diff": {
      "version": "2.0.0",
      "resolved": "https://registry.npmjs.org/arr-diff/-/arr-diff-2.0.0.tgz",
      "integrity": "sha1-jzuCf5Vai9ZpaX5KQlasPOrjVs8=",
      "dev": true,
      "requires": {
        "arr-flatten": "1.1.0"
      }
    },
    "arr-flatten": {
      "version": "1.1.0",
      "resolved": "https://registry.npmjs.org/arr-flatten/-/arr-flatten-1.1.0.tgz",
      "integrity": "sha512-L3hKV5R/p5o81R7O02IGnwpDmkp6E982XhtbuwSe3O4qOtMMMtodicASA1Cny2U+aCXcNpml+m4dPsvsJ3jatg==",
      "dev": true
    },
    "array-unique": {
      "version": "0.2.1",
      "resolved": "https://registry.npmjs.org/array-unique/-/array-unique-0.2.1.tgz",
      "integrity": "sha1-odl8yvy8JiXMcPrc6zalDFiwGlM=",
      "dev": true
    },
    "balanced-match": {
      "version": "1.0.0",
      "resolved": "https://registry.npmjs.org/balanced-match/-/balanced-match-1.0.0.tgz",
      "integrity": "sha1-ibTRmasr7kneFk6gK4nORi1xt2c=",
      "dev": true
    },
    "brace-expansion": {
      "version": "1.1.11",
      "resolved": "https://registry.npmjs.org/brace-expansion/-/brace-expansion-1.1.11.tgz",
      "integrity": "sha512-iCuPHDFgrHX7H2vEI/5xpz07zSHB00TpugqhmYtVmMO6518mCuRMoOYFldEBl0g187ufozdaHgWKcYFb61qGiA==",
      "dev": true,
      "requires": {
        "balanced-match": "1.0.0",
        "concat-map": "0.0.1"
      }
    },
    "braces": {
      "version": "1.8.5",
      "resolved": "https://registry.npmjs.org/braces/-/braces-1.8.5.tgz",
      "integrity": "sha1-uneWLhLf+WnWt2cR6RS3N4V79qc=",
      "dev": true,
      "requires": {
        "expand-range": "1.8.2",
        "preserve": "0.2.0",
        "repeat-element": "1.1.2"
      }
    },
    "commander": {
      "version": "2.13.0",
      "resolved": "https://registry.npmjs.org/commander/-/commander-2.13.0.tgz",
      "integrity": "sha512-MVuS359B+YzaWqjCL/c+22gfryv+mCBPHAv3zyVI2GN8EY6IRP8VwtasXn8jyyhvvq84R4ImN1OKRtcbIasjYA==",
      "dev": true
    },
    "concat-map": {
      "version": "0.0.1",
      "resolved": "https://registry.npmjs.org/concat-map/-/concat-map-0.0.1.tgz",
      "integrity": "sha1-2Klr13/Wjfd5OnMDajug1UBdR3s=",
      "dev": true
    },
    "date-time": {
      "version": "2.1.0",
      "resolved": "https://registry.npmjs.org/date-time/-/date-time-2.1.0.tgz",
      "integrity": "sha512-/9+C44X7lot0IeiyfgJmETtRMhBidBYM2QFFIkGa0U1k+hSyY87Nw7PY3eDqpvCBm7I3WCSfPeZskW/YYq6m4g==",
      "dev": true,
      "requires": {
        "time-zone": "1.0.0"
      }
    },
    "estree-walker": {
      "version": "0.5.1",
      "resolved": "https://registry.npmjs.org/estree-walker/-/estree-walker-0.5.1.tgz",
      "integrity": "sha512-7HgCgz1axW7w5aOvgOQkoR1RMBkllygJrssU3BvymKQ95lxXYv6Pon17fBRDm9qhkvXZGijOULoSF9ShOk/ZLg==",
      "dev": true
    },
    "expand-brackets": {
      "version": "0.1.5",
      "resolved": "https://registry.npmjs.org/expand-brackets/-/expand-brackets-0.1.5.tgz",
      "integrity": "sha1-3wcoTjQqgHzXM6xa9yQR5YHRF3s=",
      "dev": true,
      "requires": {
        "is-posix-bracket": "0.1.1"
      }
    },
    "expand-range": {
      "version": "1.8.2",
      "resolved": "https://registry.npmjs.org/expand-range/-/expand-range-1.8.2.tgz",
      "integrity": "sha1-opnv/TNf4nIeuujiV+x5ZE/IUzc=",
      "dev": true,
      "requires": {
        "fill-range": "2.2.3"
      }
    },
    "extglob": {
      "version": "0.3.2",
      "resolved": "https://registry.npmjs.org/extglob/-/extglob-0.3.2.tgz",
      "integrity": "sha1-Lhj/PS9JqydlzskCPwEdqo2DSaE=",
      "dev": true,
      "requires": {
        "is-extglob": "1.0.0"
      }
    },
    "filename-regex": {
      "version": "2.0.1",
      "resolved": "https://registry.npmjs.org/filename-regex/-/filename-regex-2.0.1.tgz",
      "integrity": "sha1-wcS5vuPglyXdsQa3XB4wH+LxiyY=",
      "dev": true
    },
    "fill-range": {
      "version": "2.2.3",
      "resolved": "https://registry.npmjs.org/fill-range/-/fill-range-2.2.3.tgz",
      "integrity": "sha1-ULd9/X5Gm8dJJHCWNpn+eoSFpyM=",
      "dev": true,
      "requires": {
        "is-number": "2.1.0",
        "isobject": "2.1.0",
        "randomatic": "1.1.7",
        "repeat-element": "1.1.2",
        "repeat-string": "1.6.1"
      }
    },
    "for-in": {
      "version": "1.0.2",
      "resolved": "https://registry.npmjs.org/for-in/-/for-in-1.0.2.tgz",
      "integrity": "sha1-gQaNKVqBQuwKxybG4iAMMPttXoA=",
      "dev": true
    },
    "for-own": {
      "version": "0.1.5",
      "resolved": "https://registry.npmjs.org/for-own/-/for-own-0.1.5.tgz",
      "integrity": "sha1-UmXGgaTylNq78XyVCbZ2OqhFEM4=",
      "dev": true,
      "requires": {
        "for-in": "1.0.2"
      }
    },
    "glob-base": {
      "version": "0.3.0",
      "resolved": "https://registry.npmjs.org/glob-base/-/glob-base-0.3.0.tgz",
      "integrity": "sha1-27Fk9iIbHAscz4Kuoyi0l98Oo8Q=",
      "dev": true,
      "requires": {
        "glob-parent": "2.0.0",
        "is-glob": "2.0.1"
      }
    },
    "glob-parent": {
      "version": "2.0.0",
      "resolved": "https://registry.npmjs.org/glob-parent/-/glob-parent-2.0.0.tgz",
      "integrity": "sha1-gTg9ctsFT8zPUzbaqQLxgvbtuyg=",
      "dev": true,
      "requires": {
        "is-glob": "2.0.1"
      }
    },
    "immutable": {
      "version": "4.0.0-rc.9",
      "resolved": "https://registry.npmjs.org/immutable/-/immutable-4.0.0-rc.9.tgz",
      "integrity": "sha512-uw4u9Jy3G2Y1qkIFtEGy9NgJxFJT1l3HKgeSFHfrvy91T8W54cJoQ+qK3fTwhil8XkEHuc2S+MI+fbD0vKObDA==",
      "dev": true
    },
    "irregular-plurals": {
      "version": "1.4.0",
      "resolved": "https://registry.npmjs.org/irregular-plurals/-/irregular-plurals-1.4.0.tgz",
      "integrity": "sha1-LKmwM2UREYVUEvFr5dd8YqRYp2Y=",
      "dev": true
    },
    "is-buffer": {
      "version": "1.1.6",
      "resolved": "https://registry.npmjs.org/is-buffer/-/is-buffer-1.1.6.tgz",
      "integrity": "sha512-NcdALwpXkTm5Zvvbk7owOUSvVvBKDgKP5/ewfXEznmQFfs4ZRmanOeKBTjRVjka3QFoN6XJ+9F3USqfHqTaU5w==",
      "dev": true
    },
    "is-dotfile": {
      "version": "1.0.3",
      "resolved": "https://registry.npmjs.org/is-dotfile/-/is-dotfile-1.0.3.tgz",
      "integrity": "sha1-pqLzL/0t+wT1yiXs0Pa4PPeYoeE=",
      "dev": true
    },
    "is-equal-shallow": {
      "version": "0.1.3",
      "resolved": "https://registry.npmjs.org/is-equal-shallow/-/is-equal-shallow-0.1.3.tgz",
      "integrity": "sha1-IjgJj8Ih3gvPpdnqxMRdY4qhxTQ=",
      "dev": true,
      "requires": {
        "is-primitive": "2.0.0"
      }
    },
    "is-extendable": {
      "version": "0.1.1",
      "resolved": "https://registry.npmjs.org/is-extendable/-/is-extendable-0.1.1.tgz",
      "integrity": "sha1-YrEQ4omkcUGOPsNqYX1HLjAd/Ik=",
      "dev": true
    },
    "is-extglob": {
      "version": "1.0.0",
      "resolved": "https://registry.npmjs.org/is-extglob/-/is-extglob-1.0.0.tgz",
      "integrity": "sha1-rEaBd8SUNAWgkvyPKXYMb/xiBsA=",
      "dev": true
    },
    "is-glob": {
      "version": "2.0.1",
      "resolved": "https://registry.npmjs.org/is-glob/-/is-glob-2.0.1.tgz",
      "integrity": "sha1-0Jb5JqPe1WAPP9/ZEZjLCIjC2GM=",
      "dev": true,
      "requires": {
        "is-extglob": "1.0.0"
      }
    },
    "is-number": {
      "version": "2.1.0",
      "resolved": "https://registry.npmjs.org/is-number/-/is-number-2.1.0.tgz",
      "integrity": "sha1-Afy7s5NGOlSPL0ZszhbezknbkI8=",
      "dev": true,
      "requires": {
        "kind-of": "3.2.2"
      }
    },
    "is-posix-bracket": {
      "version": "0.1.1",
      "resolved": "https://registry.npmjs.org/is-posix-bracket/-/is-posix-bracket-0.1.1.tgz",
      "integrity": "sha1-MzTceXdDaOkvAW5vvAqI9c1ua8Q=",
      "dev": true
    },
    "is-primitive": {
      "version": "2.0.0",
      "resolved": "https://registry.npmjs.org/is-primitive/-/is-primitive-2.0.0.tgz",
      "integrity": "sha1-IHurkWOEmcB7Kt8kCkGochADRXU=",
      "dev": true
    },
    "is-reference": {
      "version": "1.1.0",
      "resolved": "https://registry.npmjs.org/is-reference/-/is-reference-1.1.0.tgz",
      "integrity": "sha512-h37O/IX4efe56o9k41II1ECMqKwtqHa7/12dLDEzJIFux2x15an4WCDb0/eKdmUgRpLJ3bR0DrzDc7vOrVgRDw==",
      "dev": true,
      "requires": {
        "@types/estree": "0.0.38"
      }
    },
    "isarray": {
      "version": "1.0.0",
      "resolved": "https://registry.npmjs.org/isarray/-/isarray-1.0.0.tgz",
      "integrity": "sha1-u5NdSFgsuhaMBoNJV6VKPgcSTxE=",
      "dev": true
    },
    "isobject": {
      "version": "2.1.0",
      "resolved": "https://registry.npmjs.org/isobject/-/isobject-2.1.0.tgz",
      "integrity": "sha1-8GVWEJaj8dou9GJy+BXIQNh+DIk=",
      "dev": true,
      "requires": {
        "isarray": "1.0.0"
      }
    },
    "js-tokens": {
      "version": "3.0.2",
      "resolved": "https://registry.npmjs.org/js-tokens/-/js-tokens-3.0.2.tgz",
      "integrity": "sha1-mGbfOVECEw449/mWvOtlRDIJwls=",
      "dev": true
    },
    "kind-of": {
      "version": "3.2.2",
      "resolved": "https://registry.npmjs.org/kind-of/-/kind-of-3.2.2.tgz",
      "integrity": "sha1-MeohpzS6ubuw8yRm2JOupR5KPGQ=",
      "dev": true,
      "requires": {
        "is-buffer": "1.1.6"
      }
    },
    "locate-character": {
      "version": "2.0.5",
      "resolved": "https://registry.npmjs.org/locate-character/-/locate-character-2.0.5.tgz",
      "integrity": "sha512-n2GmejDXtOPBAZdIiEFy5dJ5N38xBCXLNOtw2WpB9kGh6pnrEuKlwYI+Tkpofc4wDtVXHtoAOJaMRlYG/oYaxg==",
      "dev": true
    },
    "lodash": {
      "version": "4.17.5",
      "resolved": "https://registry.npmjs.org/lodash/-/lodash-4.17.5.tgz",
      "integrity": "sha512-svL3uiZf1RwhH+cWrfZn3A4+U58wbP0tGVTLQPbjplZxZ8ROD9VLuNgsRniTlLe7OlSqR79RUehXgpBW/s0IQw==",
      "dev": true
    },
    "lodash-es": {
      "version": "4.17.7",
      "resolved": "https://registry.npmjs.org/lodash-es/-/lodash-es-4.17.7.tgz",
      "integrity": "sha512-jzqTi3vk4J5Dxq43cNjB0ekfCjPLHixoY2Sc0WHTo+0r928taLqe/VCt02vY5uQBvg0rdXgL3xWkK4X0MCmZcw==",
      "dev": true
    },
    "loose-envify": {
      "version": "1.3.1",
      "resolved": "https://registry.npmjs.org/loose-envify/-/loose-envify-1.3.1.tgz",
      "integrity": "sha1-0aitM/qc4OcT1l/dCsi3SNR4yEg=",
      "dev": true,
      "requires": {
        "js-tokens": "3.0.2"
      }
    },
    "magic-string": {
      "version": "0.22.4",
      "resolved": "https://registry.npmjs.org/magic-string/-/magic-string-0.22.4.tgz",
      "integrity": "sha512-kxBL06p6iO2qPBHsqGK2b3cRwiRGpnmSuVWNhwHcMX7qJOUr1HvricYP1LZOCdkQBUp0jiWg2d6WJwR3vYgByw==",
      "dev": true,
      "requires": {
        "vlq": "0.2.3"
      }
    },
    "micromatch": {
      "version": "2.3.11",
      "resolved": "https://registry.npmjs.org/micromatch/-/micromatch-2.3.11.tgz",
      "integrity": "sha1-hmd8l9FyCzY0MdBNDRUpO9OMFWU=",
      "dev": true,
      "requires": {
        "arr-diff": "2.0.0",
        "array-unique": "0.2.1",
        "braces": "1.8.5",
        "expand-brackets": "0.1.5",
        "extglob": "0.3.2",
        "filename-regex": "2.0.1",
        "is-extglob": "1.0.0",
        "is-glob": "2.0.1",
        "kind-of": "3.2.2",
        "normalize-path": "2.1.1",
        "object.omit": "2.0.1",
        "parse-glob": "3.0.4",
        "regex-cache": "0.4.4"
      }
    },
    "minimatch": {
      "version": "3.0.4",
      "resolved": "https://registry.npmjs.org/minimatch/-/minimatch-3.0.4.tgz",
      "integrity": "sha512-yJHVQEhyqPLUTgt9B83PXu6W3rx4MvvHvSUvToogpwoGDOUQ+yDrR0HRot+yOCdCO7u4hX3pWft6kWBBcqh0UA==",
      "dev": true,
      "requires": {
        "brace-expansion": "1.1.11"
      }
    },
    "normalize-path": {
      "version": "2.1.1",
      "resolved": "https://registry.npmjs.org/normalize-path/-/normalize-path-2.1.1.tgz",
      "integrity": "sha1-GrKLVW4Zg2Oowab35vogE3/mrtk=",
      "dev": true,
      "requires": {
        "remove-trailing-separator": "1.1.0"
      }
    },
    "object.omit": {
      "version": "2.0.1",
      "resolved": "https://registry.npmjs.org/object.omit/-/object.omit-2.0.1.tgz",
      "integrity": "sha1-Gpx0SCnznbuFjHbKNXmuKlTr0fo=",
      "dev": true,
      "requires": {
        "for-own": "0.1.5",
        "is-extendable": "0.1.1"
      }
    },
    "parse-glob": {
      "version": "3.0.4",
      "resolved": "https://registry.npmjs.org/parse-glob/-/parse-glob-3.0.4.tgz",
      "integrity": "sha1-ssN2z7EfNVE7rdFz7wu246OIORw=",
      "dev": true,
      "requires": {
        "glob-base": "0.3.0",
        "is-dotfile": "1.0.3",
        "is-extglob": "1.0.0",
        "is-glob": "2.0.1"
      }
    },
    "parse-ms": {
      "version": "1.0.1",
      "resolved": "https://registry.npmjs.org/parse-ms/-/parse-ms-1.0.1.tgz",
      "integrity": "sha1-VjRtR0nXjyNDDKDHE4UK75GqNh0=",
      "dev": true
    },
    "path-parse": {
      "version": "1.0.5",
      "resolved": "https://registry.npmjs.org/path-parse/-/path-parse-1.0.5.tgz",
      "integrity": "sha1-PBrfhx6pzWyUMbbqK9dKD/BVxME=",
      "dev": true
    },
    "plur": {
      "version": "2.1.2",
      "resolved": "https://registry.npmjs.org/plur/-/plur-2.1.2.tgz",
      "integrity": "sha1-dIJFLBoPUI4+NE6uwxLJHCncZVo=",
      "dev": true,
      "requires": {
        "irregular-plurals": "1.4.0"
      }
    },
    "preserve": {
      "version": "0.2.0",
      "resolved": "https://registry.npmjs.org/preserve/-/preserve-0.2.0.tgz",
      "integrity": "sha1-gV7R9uvGWSb4ZbMQwHE7yzMVzks=",
      "dev": true
    },
    "pretty-ms": {
      "version": "3.1.0",
      "resolved": "https://registry.npmjs.org/pretty-ms/-/pretty-ms-3.1.0.tgz",
      "integrity": "sha1-6crJx2v27lL+lC3ZxsQhMVOxKIE=",
      "dev": true,
      "requires": {
        "parse-ms": "1.0.1",
        "plur": "2.1.2"
      }
    },
    "randomatic": {
      "version": "1.1.7",
      "resolved": "https://registry.npmjs.org/randomatic/-/randomatic-1.1.7.tgz",
      "integrity": "sha512-D5JUjPyJbaJDkuAazpVnSfVkLlpeO3wDlPROTMLGKG1zMFNFRgrciKo1ltz/AzNTkqE0HzDx655QOL51N06how==",
      "dev": true,
      "requires": {
        "is-number": "3.0.0",
        "kind-of": "4.0.0"
      },
      "dependencies": {
        "is-number": {
          "version": "3.0.0",
          "resolved": "https://registry.npmjs.org/is-number/-/is-number-3.0.0.tgz",
          "integrity": "sha1-JP1iAaR4LPUFYcgQJ2r8fRLXEZU=",
          "dev": true,
          "requires": {
            "kind-of": "3.2.2"
          },
          "dependencies": {
            "kind-of": {
              "version": "3.2.2",
              "resolved": "https://registry.npmjs.org/kind-of/-/kind-of-3.2.2.tgz",
              "integrity": "sha1-MeohpzS6ubuw8yRm2JOupR5KPGQ=",
              "dev": true,
              "requires": {
                "is-buffer": "1.1.6"
              }
            }
          }
        },
        "kind-of": {
          "version": "4.0.0",
          "resolved": "https://registry.npmjs.org/kind-of/-/kind-of-4.0.0.tgz",
          "integrity": "sha1-IIE989cSkosgc3hpGkUGb65y3Vc=",
          "dev": true,
          "requires": {
            "is-buffer": "1.1.6"
          }
        }
      }
    },
    "redux": {
      "version": "3.7.2",
      "resolved": "https://registry.npmjs.org/redux/-/redux-3.7.2.tgz",
      "integrity": "sha512-pNqnf9q1hI5HHZRBkj3bAngGZW/JMCmexDlOxw4XagXY2o1327nHH54LoTjiPJ0gizoqPDRqWyX/00g0hD6w+A==",
      "dev": true,
      "requires": {
        "lodash": "4.17.5",
        "lodash-es": "4.17.7",
        "loose-envify": "1.3.1",
        "symbol-observable": "1.2.0"
      }
    },
    "redux-immutable": {
      "version": "4.0.0",
      "resolved": "https://registry.npmjs.org/redux-immutable/-/redux-immutable-4.0.0.tgz",
      "integrity": "sha1-Ohoy32Y2ZGK2NpHw4dw15HK7yfM=",
      "dev": true
    },
    "regex-cache": {
      "version": "0.4.4",
      "resolved": "https://registry.npmjs.org/regex-cache/-/regex-cache-0.4.4.tgz",
      "integrity": "sha512-nVIZwtCjkC9YgvWkpM55B5rBhBYRZhAaJbgcFYXXsHnbZ9UZI9nnVWYZpBlCqv9ho2eZryPnWrZGsOdPwVWXWQ==",
      "dev": true,
      "requires": {
        "is-equal-shallow": "0.1.3"
      }
    },
    "remove-trailing-separator": {
      "version": "1.1.0",
      "resolved": "https://registry.npmjs.org/remove-trailing-separator/-/remove-trailing-separator-1.1.0.tgz",
      "integrity": "sha1-wkvOKig62tW8P1jg1IJJuSN52O8=",
      "dev": true
    },
    "repeat-element": {
      "version": "1.1.2",
      "resolved": "https://registry.npmjs.org/repeat-element/-/repeat-element-1.1.2.tgz",
      "integrity": "sha1-7wiaF40Ug7quTZPrmLT55OEdmQo=",
      "dev": true
    },
    "repeat-string": {
      "version": "1.6.1",
      "resolved": "https://registry.npmjs.org/repeat-string/-/repeat-string-1.6.1.tgz",
      "integrity": "sha1-jcrkcOHIirwtYA//Sndihtp15jc=",
      "dev": true
    },
    "require-relative": {
      "version": "0.8.7",
      "resolved": "https://registry.npmjs.org/require-relative/-/require-relative-0.8.7.tgz",
      "integrity": "sha1-eZlTn8ngR6N5KPoZb44VY9q9Nt4=",
      "dev": true
    },
    "resolve": {
      "version": "1.5.0",
      "resolved": "https://registry.npmjs.org/resolve/-/resolve-1.5.0.tgz",
      "integrity": "sha512-hgoSGrc3pjzAPHNBg+KnFcK2HwlHTs/YrAGUr6qgTVUZmXv1UEXXl0bZNBKMA9fud6lRYFdPGz0xXxycPzmmiw==",
      "dev": true,
      "requires": {
        "path-parse": "1.0.5"
      }
    },
    "rollup": {
      "version": "0.57.1",
      "resolved": "https://registry.npmjs.org/rollup/-/rollup-0.57.1.tgz",
      "integrity": "sha512-I18GBqP0qJoJC1K1osYjreqA8VAKovxuI3I81RSk0Dmr4TgloI0tAULjZaox8OsJ+n7XRrhH6i0G2By/pj1LCA==",
      "dev": true,
      "requires": {
        "@types/acorn": "4.0.3",
        "acorn": "5.5.3",
        "acorn-dynamic-import": "3.0.0",
        "date-time": "2.1.0",
        "is-reference": "1.1.0",
        "locate-character": "2.0.5",
        "pretty-ms": "3.1.0",
        "require-relative": "0.8.7",
        "rollup-pluginutils": "2.0.1",
        "signal-exit": "3.0.2",
        "sourcemap-codec": "1.4.1"
      }
    },
    "rollup-plugin-commonjs": {
      "version": "9.1.0",
      "resolved": "https://registry.npmjs.org/rollup-plugin-commonjs/-/rollup-plugin-commonjs-9.1.0.tgz",
      "integrity": "sha512-NrfE0g30QljNCnlJr7I2Xguz+44mh0dCxvfxwLnCwtaCK2LwFUp1zzAs8MQuOfhH4mRskqsjfOwGUap/L+WtEw==",
      "dev": true,
      "requires": {
        "estree-walker": "0.5.1",
        "magic-string": "0.22.4",
        "resolve": "1.5.0",
        "rollup-pluginutils": "2.0.1"
      }
    },
    "rollup-plugin-replace": {
      "version": "2.0.0",
      "resolved": "https://registry.npmjs.org/rollup-plugin-replace/-/rollup-plugin-replace-2.0.0.tgz",
      "integrity": "sha512-pK9mTd/FNrhtBxcTBXoh0YOwRIShV0gGhv9qvUtNcXHxIMRZMXqfiZKVBmCRGp8/2DJRy62z2JUE7/5tP6WxOQ==",
      "dev": true,
      "requires": {
        "magic-string": "0.22.4",
        "minimatch": "3.0.4",
        "rollup-pluginutils": "2.0.1"
      }
    },
    "rollup-plugin-uglify": {
      "version": "3.0.0",
      "resolved": "https://registry.npmjs.org/rollup-plugin-uglify/-/rollup-plugin-uglify-3.0.0.tgz",
      "integrity": "sha512-dehLu9eRRoV4l09aC+ySntRw1OAfoyKdbk8Nelblj03tHoynkSybqyEpgavemi1LBOH6S1vzI58/mpxkZIe1iQ==",
      "dev": true,
      "requires": {
        "uglify-es": "3.3.9"
      }
    },
    "rollup-pluginutils": {
      "version": "2.0.1",
      "resolved": "https://registry.npmjs.org/rollup-pluginutils/-/rollup-pluginutils-2.0.1.tgz",
      "integrity": "sha1-fslbNXP2VDpGpkYb2afFRFJdD8A=",
      "dev": true,
      "requires": {
        "estree-walker": "0.3.1",
        "micromatch": "2.3.11"
      },
      "dependencies": {
        "estree-walker": {
          "version": "0.3.1",
          "resolved": "https://registry.npmjs.org/estree-walker/-/estree-walker-0.3.1.tgz",
          "integrity": "sha1-5rGlHPcpJSTnI3wxLl/mZgwc4ao=",
          "dev": true
        }
      }
    },
    "signal-exit": {
      "version": "3.0.2",
      "resolved": "https://registry.npmjs.org/signal-exit/-/signal-exit-3.0.2.tgz",
      "integrity": "sha1-tf3AjxKH6hF4Yo5BXiUTK3NkbG0=",
      "dev": true
    },
    "source-map": {
      "version": "0.6.1",
      "resolved": "https://registry.npmjs.org/source-map/-/source-map-0.6.1.tgz",
      "integrity": "sha512-UjgapumWlbMhkBgzT7Ykc5YXUT46F0iKu8SGXq0bcwP5dz/h0Plj6enJqjz1Zbq2l5WaqYnrVbwWOWMyF3F47g==",
      "dev": true
    },
    "sourcemap-codec": {
      "version": "1.4.1",
      "resolved": "https://registry.npmjs.org/sourcemap-codec/-/sourcemap-codec-1.4.1.tgz",
      "integrity": "sha512-hX1eNBNuilj8yfFnECh0DzLgwKpBLMIvmhgEhixXNui8lMLBInTI8Kyxt++RwJnMNu7cAUo635L2+N1TxMJCzA==",
      "dev": true
    },
    "symbol-observable": {
      "version": "1.2.0",
      "resolved": "https://registry.npmjs.org/symbol-observable/-/symbol-observable-1.2.0.tgz",
      "integrity": "sha512-e900nM8RRtGhlV36KGEU9k65K3mPb1WV70OdjfxlG2EAuM1noi/E/BaW/uMhL7bPEssK8QV57vN3esixjUvcXQ==",
      "dev": true
    },
    "time-zone": {
      "version": "1.0.0",
      "resolved": "https://registry.npmjs.org/time-zone/-/time-zone-1.0.0.tgz",
      "integrity": "sha1-mcW/VZWJZq9tBtg73zgA3IL67F0=",
      "dev": true
    },
    "uglify-es": {
      "version": "3.3.9",
      "resolved": "https://registry.npmjs.org/uglify-es/-/uglify-es-3.3.9.tgz",
      "integrity": "sha512-r+MU0rfv4L/0eeW3xZrd16t4NZfK8Ld4SWVglYBb7ez5uXFWHuVRs6xCTrf1yirs9a4j4Y27nn7SRfO6v67XsQ==",
      "dev": true,
      "requires": {
        "commander": "2.13.0",
        "source-map": "0.6.1"
      }
    },
    "vlq": {
      "version": "0.2.3",
      "resolved": "https://registry.npmjs.org/vlq/-/vlq-0.2.3.tgz",
      "integrity": "sha512-DRibZL6DsNhIgYQ+wNdWDL2SL3bKPlVrRiBqV5yuMm++op8W4kGFtaQfCs4KEJn0wBZcHVHJ3eoywX8983k1ow==",
      "dev": true
    }
  }
}
