{
  "name": "@rematch/loading",
  "version": "2.0.0-next.10",
  "lockfileVersion": 1,
  "requires": true,
  "dependencies": {
    "@types/redux-immutable": {
      "version": "4.0.1",
      "resolved": "https://registry.npmjs.org/@types/redux-immutable/-/redux-immutable-4.0.1.tgz",
      "integrity": "sha512-bksf7FrNMsoCy1Zn8F9zAYl5FCM6Qzt/Ln5C1knjdDUzczgtioy0Y01VPlm4aZacCr4nVrCsNyVdy36/4SMsKQ==",
      "dev": true,
      "requires": {
        "immutable": "^4.0.0-rc.1",
        "redux": "^4.0.0"
      },
      "dependencies": {
        "immutable": {
          "version": "4.0.0-rc.12",
          "resolved": "https://registry.npmjs.org/immutable/-/immutable-4.0.0-rc.12.tgz",
          "integrity": "sha512-0M2XxkZLx/mi3t8NVwIm1g8nHoEmM9p9UBl/G9k4+hm0kBgOVdMV/B3CY5dQ8qG8qc80NN4gDV4HQv6FTJ5q7A==",
          "dev": true
        }
      }
    },
    "immutable": {
      "version": "3.8.2",
      "resolved": "https://registry.npmjs.org/immutable/-/immutable-3.8.2.tgz",
      "integrity": "sha1-wkOZUUVbs5kT2vKBN28VMOEErfM=",
      "dev": true
    },
    "js-tokens": {
      "version": "4.0.0",
      "resolved": "https://registry.npmjs.org/js-tokens/-/js-tokens-4.0.0.tgz",
      "integrity": "sha512-RdJUflcE3cUzKiMqQgsCu06FPu9UdIJO0beYbPhHN4k6apgJtifcoCtT9bcxOpYBtpD2kCM6Sbzg4CausW/PKQ==",
      "dev": true
    },
    "loose-envify": {
      "version": "1.4.0",
      "resolved": "https://registry.npmjs.org/loose-envify/-/loose-envify-1.4.0.tgz",
      "integrity": "sha512-lyuxPGr/Wfhrlem2CL/UcnUc1zcqKAImBDzukY7Y5F/yQiNdko6+fRLevlw1HgMySw7f611UIY408EtxRSoK3Q==",
      "dev": true,
      "requires": {
        "js-tokens": "^3.0.0 || ^4.0.0"
      }
    },
    "redux": {
      "version": "4.0.5",
      "resolved": "https://registry.npmjs.org/redux/-/redux-4.0.5.tgz",
      "integrity": "sha512-VSz1uMAH24DM6MF72vcojpYPtrTUu3ByVWfPL1nPfVRb5mZVTve5GnNCUV53QM/BZ66xfWrm0CTWoM+Xlz8V1w==",
      "dev": true,
      "requires": {
        "loose-envify": "^1.4.0",
        "symbol-observable": "^1.2.0"
      }
    },
    "redux-immutable": {
      "version": "4.0.0",
      "resolved": "https://registry.npmjs.org/redux-immutable/-/redux-immutable-4.0.0.tgz",
      "integrity": "sha1-Ohoy32Y2ZGK2NpHw4dw15HK7yfM=",
      "dev": true
    },
    "symbol-observable": {
      "version": "1.2.0",
      "resolved": "https://registry.npmjs.org/symbol-observable/-/symbol-observable-1.2.0.tgz",
      "integrity": "sha512-e900nM8RRtGhlV36KGEU9k65K3mPb1WV70OdjfxlG2EAuM1noi/E/BaW/uMhL7bPEssK8QV57vN3esixjUvcXQ==",
      "dev": true
    }
  }
}
