{
	"name": "demo",
	"version": "0.1.0",
	"lockfileVersion": 1,
	"requires": true,
	"dependencies": {
		"react": {
			"version": "16.3.1",
			"resolved": "https://registry.npmjs.org/react/-/react-16.3.1.tgz",
			"integrity": "sha512-NbkxN9jsZ6+G+ICsLdC7/wUD26uNbvKU/RAxEWgc9kcdKvROt+5d5j2cNQm5PSFTQ4WNGsR3pa4qL2Q0/WSy1w==",
			"requires": {
				"fbjs": "^0.8.16",
				"loose-envify": "^1.1.0",
				"object-assign": "^4.1.1",
				"prop-types": "^15.6.0"
			},
			"dependencies": {
				"asap": {
					"version": "2.0.6",
					"resolved": "https://registry.npmjs.org/asap/-/asap-2.0.6.tgz",
					"integrity": "sha1-5QNHYR1+aQlDIIu9r+vLwvuGbUY="
				},
				"core-js": {
					"version": "1.2.7",
					"resolved": "https://registry.npmjs.org/core-js/-/core-js-1.2.7.tgz",
					"integrity": "sha1-ZSKUwUZR2yj6k70tX/KYOk8IxjY="
				},
				"encoding": {
					"version": "0.1.12",
					"resolved": "https://registry.npmjs.org/encoding/-/encoding-0.1.12.tgz",
					"integrity": "sha1-U4tm8+5izRq1HsMjgp0flIDHS+s=",
					"requires": {
						"iconv-lite": "~0.4.13"
					}
				},
				"fbjs": {
					"version": "0.8.17",
					"resolved": "https://registry.npmjs.org/fbjs/-/fbjs-0.8.17.tgz",
					"integrity": "sha1-xNWY6taUkRJlPWWIsBpc3Nn5D90=",
					"requires": {
						"core-js": "^1.0.0",
						"isomorphic-fetch": "^2.1.1",
						"loose-envify": "^1.0.0",
						"object-assign": "^4.1.0",
						"promise": "^7.1.1",
						"setimmediate": "^1.0.5",
						"ua-parser-js": "^0.7.18"
					}
				},
				"iconv-lite": {
					"version": "0.4.24",
					"resolved": "https://registry.npmjs.org/iconv-lite/-/iconv-lite-0.4.24.tgz",
					"integrity": "sha512-v3MXnZAcvnywkTUEZomIActle7RXXeedOR31wwl7VlyoXO4Qi9arvSenNQWne1TcRwhCL1HwLI21bEqdpj8/rA==",
					"requires": {
						"safer-buffer": ">= 2.1.2 < 3"
					}
				},
				"is-stream": {
					"version": "1.1.0",
					"resolved": "https://registry.npmjs.org/is-stream/-/is-stream-1.1.0.tgz",
					"integrity": "sha1-EtSj3U5o4Lec6428hBc66A2RykQ="
				},
				"isomorphic-fetch": {
					"version": "2.2.1",
					"resolved": "https://registry.npmjs.org/isomorphic-fetch/-/isomorphic-fetch-2.2.1.tgz",
					"integrity": "sha1-YRrhrPFPXoH3KVB0coGf6XM1WKk=",
					"requires": {
						"node-fetch": "^1.0.1",
						"whatwg-fetch": ">=0.10.0"
					}
				},
				"js-tokens": {
					"version": "4.0.0",
					"resolved": "https://registry.npmjs.org/js-tokens/-/js-tokens-4.0.0.tgz",
					"integrity": "sha512-RdJUflcE3cUzKiMqQgsCu06FPu9UdIJO0beYbPhHN4k6apgJtifcoCtT9bcxOpYBtpD2kCM6Sbzg4CausW/PKQ=="
				},
				"loose-envify": {
					"version": "1.4.0",
					"resolved": "https://registry.npmjs.org/loose-envify/-/loose-envify-1.4.0.tgz",
					"integrity": "sha512-lyuxPGr/Wfhrlem2CL/UcnUc1zcqKAImBDzukY7Y5F/yQiNdko6+fRLevlw1HgMySw7f611UIY408EtxRSoK3Q==",
					"requires": {
						"js-tokens": "^3.0.0 || ^4.0.0"
					}
				},
				"node-fetch": {
					"version": "1.7.3",
					"resolved": "https://registry.npmjs.org/node-fetch/-/node-fetch-1.7.3.tgz",
					"integrity": "sha512-NhZ4CsKx7cYm2vSrBAr2PvFOe6sWDf0UYLRqA6svUYg7+/TSfVAu49jYC4BvQ4Sms9SZgdqGBgroqfDhJdTyKQ==",
					"requires": {
						"encoding": "^0.1.11",
						"is-stream": "^1.0.1"
					}
				},
				"object-assign": {
					"version": "4.1.1",
					"resolved": "https://registry.npmjs.org/object-assign/-/object-assign-4.1.1.tgz",
					"integrity": "sha1-IQmtx5ZYh8/AXLvUQsrIv7s2CGM="
				},
				"promise": {
					"version": "7.3.1",
					"resolved": "https://registry.npmjs.org/promise/-/promise-7.3.1.tgz",
					"integrity": "sha512-nolQXZ/4L+bP/UGlkfaIujX9BKxGwmQ9OT4mOt5yvy8iK1h3wqTEJCijzGANTCCl9nWjY41juyAn2K3Q1hLLTg==",
					"requires": {
						"asap": "~2.0.3"
					}
				},
				"prop-types": {
					"version": "15.7.2",
					"resolved": "https://registry.npmjs.org/prop-types/-/prop-types-15.7.2.tgz",
					"integrity": "sha512-8QQikdH7//R2vurIJSutZ1smHYTcLpRWEOlHnzcWHmBYrOGUysKwSsrC89BCiFj3CbrfJ/nXFdJepOVrY1GCHQ==",
					"requires": {
						"loose-envify": "^1.4.0",
						"object-assign": "^4.1.1",
						"react-is": "^16.8.1"
					}
				},
				"react-is": {
					"version": "16.8.6",
					"resolved": "https://registry.npmjs.org/react-is/-/react-is-16.8.6.tgz",
					"integrity": "sha512-aUk3bHfZ2bRSVFFbbeVS4i+lNPZr3/WM5jT2J5omUVV1zzcs1nAaf3l51ctA5FFvCRbhrH0bdAsRRQddFJZPtA=="
				},
				"safer-buffer": {
					"version": "2.1.2",
					"resolved": "https://registry.npmjs.org/safer-buffer/-/safer-buffer-2.1.2.tgz",
					"integrity": "sha512-YZo3K82SD7Riyi0E1EQPojLz7kpepnSQI9IyPbHHg1XXXevb5dJI7tpyN2ADxGcQbHG7vcyRHk0cbwqcQriUtg=="
				},
				"setimmediate": {
					"version": "1.0.5",
					"resolved": "https://registry.npmjs.org/setimmediate/-/setimmediate-1.0.5.tgz",
					"integrity": "sha1-KQy7Iy4waULX1+qbg3Mqt4VvgoU="
				},
				"ua-parser-js": {
					"version": "0.7.20",
					"resolved": "https://registry.npmjs.org/ua-parser-js/-/ua-parser-js-0.7.20.tgz",
					"integrity": "sha512-8OaIKfzL5cpx8eCMAhhvTlft8GYF8b2eQr6JkCyVdrgjcytyOmPCXrqXFcUnhonRpLlh5yxEZVohm6mzaowUOw=="
				},
				"whatwg-fetch": {
					"version": "3.0.0",
					"resolved": "https://registry.npmjs.org/whatwg-fetch/-/whatwg-fetch-3.0.0.tgz",
					"integrity": "sha512-9GSJUgz1D4MfyKU7KRqwOjXCXTqWdFNvEr7eUBYchQiVc744mqK/MzXPNR2WsPkmkOa4ywfg8C2n8h+13Bey1Q=="
				}
			}
		},
		"react-redux": {
			"version": "5.1.1",
			"resolved": "https://registry.npmjs.org/react-redux/-/react-redux-5.1.1.tgz",
			"integrity": "sha512-LE7Ned+cv5qe7tMV5BPYkGQ5Lpg8gzgItK07c67yHvJ8t0iaD9kPFPAli/mYkiyJYrs2pJgExR2ZgsGqlrOApg==",
			"requires": {
				"@babel/runtime": "^7.1.2",
				"hoist-non-react-statics": "^3.1.0",
				"invariant": "^2.2.4",
				"loose-envify": "^1.1.0",
				"prop-types": "^15.6.1",
				"react-is": "^16.6.0",
				"react-lifecycles-compat": "^3.0.0"
			},
			"dependencies": {
				"@babel/runtime": {
					"version": "7.5.0",
					"resolved": "https://registry.npmjs.org/@babel/runtime/-/runtime-7.5.0.tgz",
					"integrity": "sha512-2xsuyZ0R0RBFwjgae5NpXk8FcfH4qovj5cEM5VEeB7KXnKqzaisIu2HSV/mCEISolJJuR4wkViUGYujA8MH9tw==",
					"requires": {
						"regenerator-runtime": "^0.13.2"
					}
				},
				"hoist-non-react-statics": {
					"version": "3.3.0",
					"resolved": "https://registry.npmjs.org/hoist-non-react-statics/-/hoist-non-react-statics-3.3.0.tgz",
					"integrity": "sha512-0XsbTXxgiaCDYDIWFcwkmerZPSwywfUqYmwT4jzewKTQSWoE6FCMoUVOeBJWK3E/CrWbxRG3m5GzY4lnIwGRBA==",
					"requires": {
						"react-is": "^16.7.0"
					}
				},
				"invariant": {
					"version": "2.2.4",
					"resolved": "https://registry.npmjs.org/invariant/-/invariant-2.2.4.tgz",
					"integrity": "sha512-phJfQVBuaJM5raOpJjSfkiD6BpbCE4Ns//LaXl6wGYtUBY83nWS6Rf9tXm2e8VaK60JEjYldbPif/A2B1C2gNA==",
					"requires": {
						"loose-envify": "^1.0.0"
					}
				},
				"js-tokens": {
					"version": "4.0.0",
					"resolved": "https://registry.npmjs.org/js-tokens/-/js-tokens-4.0.0.tgz",
					"integrity": "sha512-RdJUflcE3cUzKiMqQgsCu06FPu9UdIJO0beYbPhHN4k6apgJtifcoCtT9bcxOpYBtpD2kCM6Sbzg4CausW/PKQ=="
				},
				"loose-envify": {
					"version": "1.4.0",
					"resolved": "https://registry.npmjs.org/loose-envify/-/loose-envify-1.4.0.tgz",
					"integrity": "sha512-lyuxPGr/Wfhrlem2CL/UcnUc1zcqKAImBDzukY7Y5F/yQiNdko6+fRLevlw1HgMySw7f611UIY408EtxRSoK3Q==",
					"requires": {
						"js-tokens": "^3.0.0 || ^4.0.0"
					}
				},
				"object-assign": {
					"version": "4.1.1",
					"resolved": "https://registry.npmjs.org/object-assign/-/object-assign-4.1.1.tgz",
					"integrity": "sha1-IQmtx5ZYh8/AXLvUQsrIv7s2CGM="
				},
				"prop-types": {
					"version": "15.7.2",
					"resolved": "https://registry.npmjs.org/prop-types/-/prop-types-15.7.2.tgz",
					"integrity": "sha512-8QQikdH7//R2vurIJSutZ1smHYTcLpRWEOlHnzcWHmBYrOGUysKwSsrC89BCiFj3CbrfJ/nXFdJepOVrY1GCHQ==",
					"requires": {
						"loose-envify": "^1.4.0",
						"object-assign": "^4.1.1",
						"react-is": "^16.8.1"
					}
				},
				"react-is": {
					"version": "16.8.6",
					"resolved": "https://registry.npmjs.org/react-is/-/react-is-16.8.6.tgz",
					"integrity": "sha512-aUk3bHfZ2bRSVFFbbeVS4i+lNPZr3/WM5jT2J5omUVV1zzcs1nAaf3l51ctA5FFvCRbhrH0bdAsRRQddFJZPtA=="
				},
				"react-lifecycles-compat": {
					"version": "3.0.4",
					"resolved": "https://registry.npmjs.org/react-lifecycles-compat/-/react-lifecycles-compat-3.0.4.tgz",
					"integrity": "sha512-fBASbA6LnOU9dOU2eW7aQ8xmYBSXUIWr+UmF9b1efZBazGNO+rcXT/icdKnYm2pTwcRylVUYwW7H1PHfLekVzA=="
				},
				"regenerator-runtime": {
					"version": "0.13.2",
					"resolved": "https://registry.npmjs.org/regenerator-runtime/-/regenerator-runtime-0.13.2.tgz",
					"integrity": "sha512-S/TQAZJO+D3m9xeN1WTI8dLKBBiRgXBlTJvbWjCThHWZj9EvHK70Ff50/tYj2J/fvBY6JtFVwRuazHN2E7M9BA=="
				}
			}
		}
	}
}
