{
	"name": "@rematch/react-navigation",
	"version": "2.0.2",
	"lockfileVersion": 1,
	"requires": true,
	"dependencies": {
		"react-navigation": {
			"version": "1.6.1",
			"resolved": "https://registry.npmjs.org/react-navigation/-/react-navigation-1.6.1.tgz",
			"integrity": "sha512-18qvuGEMorsYAtedvcDvrWi6eqdTOC7T2u1mSLddWCXKIwGsC44d4PfAzKtnd6JtMpvbCd+livTGyylfRHT2fA==",
			"dev": true,
			"requires": {
				"clamp": "^1.0.1",
				"hoist-non-react-statics": "^2.2.0",
				"path-to-regexp": "^1.7.0",
				"prop-types": "^15.5.10",
				"react-lifecycles-compat": "^3.0.2",
				"react-native-drawer-layout-polyfill": "^1.3.2",
				"react-native-safe-area-view": "0.11.0",
				"react-native-tab-view": "github:react-navigation/react-native-tab-view"
			},
			"dependencies": {
				"clamp": {
					"version": "1.0.1",
					"resolved": "https://registry.npmjs.org/clamp/-/clamp-1.0.1.tgz",
					"integrity": "sha1-ZqDmQBGBbjcZaCj9yMjBRzEshjQ=",
					"dev": true
				},
				"hoist-non-react-statics": {
					"version": "2.5.5",
					"resolved": "https://registry.npmjs.org/hoist-non-react-statics/-/hoist-non-react-statics-2.5.5.tgz",
					"integrity": "sha512-rqcy4pJo55FTTLWt+bU8ukscqHeE/e9KWvsOW2b/a3afxQZhwkQdT1rPPCJ0rYXdj4vNcasY8zHTH+jF/qStxw==",
					"dev": true
				},
				"isarray": {
					"version": "0.0.1",
					"resolved": "https://registry.npmjs.org/isarray/-/isarray-0.0.1.tgz",
					"integrity": "sha1-ihis/Kmo9Bd+Cav8YDiTmwXR7t8=",
					"dev": true
				},
				"js-tokens": {
					"version": "4.0.0",
					"resolved": "https://registry.npmjs.org/js-tokens/-/js-tokens-4.0.0.tgz",
					"integrity": "sha512-RdJUflcE3cUzKiMqQgsCu06FPu9UdIJO0beYbPhHN4k6apgJtifcoCtT9bcxOpYBtpD2kCM6Sbzg4CausW/PKQ==",
					"dev": true
				},
				"loose-envify": {
					"version": "1.4.0",
					"resolved": "https://registry.npmjs.org/loose-envify/-/loose-envify-1.4.0.tgz",
					"integrity": "sha512-lyuxPGr/Wfhrlem2CL/UcnUc1zcqKAImBDzukY7Y5F/yQiNdko6+fRLevlw1HgMySw7f611UIY408EtxRSoK3Q==",
					"dev": true,
					"requires": {
						"js-tokens": "^3.0.0 || ^4.0.0"
					}
				},
				"object-assign": {
					"version": "4.1.1",
					"resolved": "https://registry.npmjs.org/object-assign/-/object-assign-4.1.1.tgz",
					"integrity": "sha1-IQmtx5ZYh8/AXLvUQsrIv7s2CGM=",
					"dev": true
				},
				"path-to-regexp": {
					"version": "1.7.0",
					"resolved": "https://registry.npmjs.org/path-to-regexp/-/path-to-regexp-1.7.0.tgz",
					"integrity": "sha1-Wf3g9DW62suhA6hOnTvGTpa5k30=",
					"dev": true,
					"requires": {
						"isarray": "0.0.1"
					}
				},
				"prop-types": {
					"version": "15.7.2",
					"resolved": "https://registry.npmjs.org/prop-types/-/prop-types-15.7.2.tgz",
					"integrity": "sha512-8QQikdH7//R2vurIJSutZ1smHYTcLpRWEOlHnzcWHmBYrOGUysKwSsrC89BCiFj3CbrfJ/nXFdJepOVrY1GCHQ==",
					"dev": true,
					"requires": {
						"loose-envify": "^1.4.0",
						"object-assign": "^4.1.1",
						"react-is": "^16.8.1"
					}
				},
				"react-is": {
					"version": "16.8.6",
					"resolved": "https://registry.npmjs.org/react-is/-/react-is-16.8.6.tgz",
					"integrity": "sha512-aUk3bHfZ2bRSVFFbbeVS4i+lNPZr3/WM5jT2J5omUVV1zzcs1nAaf3l51ctA5FFvCRbhrH0bdAsRRQddFJZPtA==",
					"dev": true
				},
				"react-lifecycles-compat": {
					"version": "3.0.4",
					"resolved": "https://registry.npmjs.org/react-lifecycles-compat/-/react-lifecycles-compat-3.0.4.tgz",
					"integrity": "sha512-fBASbA6LnOU9dOU2eW7aQ8xmYBSXUIWr+UmF9b1efZBazGNO+rcXT/icdKnYm2pTwcRylVUYwW7H1PHfLekVzA==",
					"dev": true
				},
				"react-native-dismiss-keyboard": {
					"version": "1.0.0",
					"resolved": "https://registry.npmjs.org/react-native-dismiss-keyboard/-/react-native-dismiss-keyboard-1.0.0.tgz",
					"integrity": "sha1-MohiQrPyMX4SHzrrmwpYXiuHm0k=",
					"dev": true
				},
				"react-native-drawer-layout": {
					"version": "1.3.2",
					"resolved": "https://registry.npmjs.org/react-native-drawer-layout/-/react-native-drawer-layout-1.3.2.tgz",
					"integrity": "sha512-fjO0scqbJUfNu2wuEpvywL7DYLXuCXJ2W/zYhWz986rdLytidbys1QGVvkaszHrb4Y7OqO96mTkgpOcP8KWevw==",
					"dev": true,
					"requires": {
						"react-native-dismiss-keyboard": "1.0.0"
					}
				},
				"react-native-drawer-layout-polyfill": {
					"version": "1.3.2",
					"resolved": "https://registry.npmjs.org/react-native-drawer-layout-polyfill/-/react-native-drawer-layout-polyfill-1.3.2.tgz",
					"integrity": "sha512-XzPhfLDJrYHru+e8+dFwhf0FtTeAp7JXPpFYezYV6P1nTeA1Tia/kDpFT+O2DWTrBKBEI8FGhZnThrroZmHIxg==",
					"dev": true,
					"requires": {
						"react-native-drawer-layout": "1.3.2"
					}
				},
				"react-native-safe-area-view": {
					"version": "0.11.0",
					"resolved": "https://registry.npmjs.org/react-native-safe-area-view/-/react-native-safe-area-view-0.11.0.tgz",
					"integrity": "sha512-N3nElaahu1Me2ltnfc9acpgt1znm6pi8DSadKy79kvdzKwvVIzw0IXueA/Hjr51eCW1BsfNw7D1SgBT9U6qEkA==",
					"dev": true,
					"requires": {
						"hoist-non-react-statics": "^2.3.1"
					}
				},
				"react-native-tab-view": {
					"version": "github:react-navigation/react-native-tab-view#d87a5cb3ddbcb9e5ea1651450f6c12a7f41355df",
					"from": "github:react-navigation/react-native-tab-view",
					"dev": true,
					"requires": {
						"prop-types": "^15.6.0"
					}
				}
			}
		}
	}
}
