{
  "name": "@rematch/core",
  "version": "2.0.0",
  "lockfileVersion": 1,
  "requires": true,
  "dependencies": {
    "commander": {
      "version": "2.20.3",
      "resolved": "https://registry.npmjs.org/commander/-/commander-2.20.3.tgz",
      "integrity": "sha512-GpVkmM8vF2vQUkj2LvZmD35JxeJOLCwJ9cUkugyk2nuhbv3+mJvpLYYt+0+USMxE+oj+ey/lJEnhZw75x/OMcQ==",
      "dev": true
    },
    "typings-tester": {
      "version": "0.3.2",
      "resolved": "https://registry.npmjs.org/typings-tester/-/typings-tester-0.3.2.tgz",
      "integrity": "sha512-HjGoAM2UoGhmSKKy23TYEKkxlphdJFdix5VvqWFLzH1BJVnnwG38tpC6SXPgqhfFGfHY77RlN1K8ts0dbWBQ7A==",
      "dev": true,
      "requires": {
        "commander": "^2.12.2"
      }
    }
  }
}
