{
	"name": "rematch-example-hooks-react-ts",
	"version": "0.1.0",
	"lockfileVersion": 1,
	"requires": true,
	"dependencies": {
		"@types/jest": {
			"version": "25.2.1",
			"resolved": "https://registry.npmjs.org/@types/jest/-/jest-25.2.1.tgz",
			"integrity": "sha512-msra1bCaAeEdkSyA0CZ6gW1ukMIvZ5YoJkdXw/qhQdsuuDlFTcEUrUw8CLCPt2rVRUfXlClVvK2gvPs9IokZaA==",
			"requires": {
				"jest-diff": "^25.2.1",
				"pretty-format": "^25.2.1"
			},
			"dependencies": {
				"@jest/types": {
					"version": "25.2.6",
					"resolved": "https://registry.npmjs.org/@jest/types/-/types-25.2.6.tgz",
					"integrity": "sha512-myJTTV37bxK7+3NgKc4Y/DlQ5q92/NOwZsZ+Uch7OXdElxOg61QYc72fPYNAjlvbnJ2YvbXLamIsa9tj48BmyQ==",
					"requires": {
						"@types/istanbul-lib-coverage": "^2.0.0",
						"@types/istanbul-reports": "^1.1.1",
						"@types/yargs": "^15.0.0",
						"chalk": "^3.0.0"
					}
				},
				"@types/color-name": {
					"version": "1.1.1",
					"resolved": "https://registry.npmjs.org/@types/color-name/-/color-name-1.1.1.tgz",
					"integrity": "sha512-rr+OQyAjxze7GgWrSaJwydHStIhHq2lvY3BOC2Mj7KnzI7XK0Uw1TOOdI9lDoajEbSWLiYgoo4f1R51erQfhPQ=="
				},
				"@types/istanbul-lib-coverage": {
					"version": "2.0.1",
					"resolved": "https://registry.npmjs.org/@types/istanbul-lib-coverage/-/istanbul-lib-coverage-2.0.1.tgz",
					"integrity": "sha512-hRJD2ahnnpLgsj6KWMYSrmXkM3rm2Dl1qkx6IOFD5FnuNPXJIG5L0dhgKXCYTRMGzU4n0wImQ/xfmRc4POUFlg=="
				},
				"@types/istanbul-lib-report": {
					"version": "3.0.0",
					"resolved": "https://registry.npmjs.org/@types/istanbul-lib-report/-/istanbul-lib-report-3.0.0.tgz",
					"integrity": "sha512-plGgXAPfVKFoYfa9NpYDAkseG+g6Jr294RqeqcqDixSbU34MZVJRi/P+7Y8GDpzkEwLaGZZOpKIEmeVZNtKsrg==",
					"requires": {
						"@types/istanbul-lib-coverage": "*"
					}
				},
				"@types/istanbul-reports": {
					"version": "1.1.1",
					"resolved": "https://registry.npmjs.org/@types/istanbul-reports/-/istanbul-reports-1.1.1.tgz",
					"integrity": "sha512-UpYjBi8xefVChsCoBpKShdxTllC9pwISirfoZsUa2AAdQg/Jd2KQGtSbw+ya7GPo7x/wAPlH6JBhKhAsXUEZNA==",
					"requires": {
						"@types/istanbul-lib-coverage": "*",
						"@types/istanbul-lib-report": "*"
					}
				},
				"@types/yargs": {
					"version": "15.0.4",
					"resolved": "https://registry.npmjs.org/@types/yargs/-/yargs-15.0.4.tgz",
					"integrity": "sha512-9T1auFmbPZoxHz0enUFlUuKRy3it01R+hlggyVUMtnCTQRunsQYifnSGb8hET4Xo8yiC0o0r1paW3ud5+rbURg==",
					"requires": {
						"@types/yargs-parser": "*"
					}
				},
				"@types/yargs-parser": {
					"version": "15.0.0",
					"resolved": "https://registry.npmjs.org/@types/yargs-parser/-/yargs-parser-15.0.0.tgz",
					"integrity": "sha512-FA/BWv8t8ZWJ+gEOnLLd8ygxH/2UFbAvgEonyfN6yWGLKc7zVjbpl2Y4CTjid9h2RfgPP6SEt6uHwEOply00yw=="
				},
				"ansi-regex": {
					"version": "5.0.0",
					"resolved": "https://registry.npmjs.org/ansi-regex/-/ansi-regex-5.0.0.tgz",
					"integrity": "sha512-bY6fj56OUQ0hU1KjFNDQuJFezqKdrAyFdIevADiqrWHwSlbmBNMHp5ak2f40Pm8JTFyM2mqxkG6ngkHO11f/lg=="
				},
				"ansi-styles": {
					"version": "4.2.1",
					"resolved": "https://registry.npmjs.org/ansi-styles/-/ansi-styles-4.2.1.tgz",
					"integrity": "sha512-9VGjrMsG1vePxcSweQsN20KY/c4zN0h9fLjqAbwbPfahM3t+NL+M9HC8xeXG2I8pX5NoamTGNuomEUFI7fcUjA==",
					"requires": {
						"@types/color-name": "^1.1.1",
						"color-convert": "^2.0.1"
					}
				},
				"chalk": {
					"version": "3.0.0",
					"resolved": "https://registry.npmjs.org/chalk/-/chalk-3.0.0.tgz",
					"integrity": "sha512-4D3B6Wf41KOYRFdszmDqMCGq5VV/uMAB273JILmO+3jAlh8X4qDtdtgCR3fxtbLEMzSx22QdhnDcJvu2u1fVwg==",
					"requires": {
						"ansi-styles": "^4.1.0",
						"supports-color": "^7.1.0"
					}
				},
				"color-convert": {
					"version": "2.0.1",
					"resolved": "https://registry.npmjs.org/color-convert/-/color-convert-2.0.1.tgz",
					"integrity": "sha512-RRECPsj7iu/xb5oKYcsFHSppFNnsj/52OVTRKb4zP5onXwVF3zVmmToNcOfGC+CRDpfK/U584fMg38ZHCaElKQ==",
					"requires": {
						"color-name": "~1.1.4"
					}
				},
				"color-name": {
					"version": "1.1.4",
					"resolved": "https://registry.npmjs.org/color-name/-/color-name-1.1.4.tgz",
					"integrity": "sha512-dOy+3AuW3a2wNbZHIuMZpTcgjGuLU/uBL/ubcZF9OXbDo8ff4O8yVp5Bf0efS8uEoYo5q4Fx7dY9OgQGXgAsQA=="
				},
				"diff-sequences": {
					"version": "25.2.6",
					"resolved": "https://registry.npmjs.org/diff-sequences/-/diff-sequences-25.2.6.tgz",
					"integrity": "sha512-Hq8o7+6GaZeoFjtpgvRBUknSXNeJiCx7V9Fr94ZMljNiCr9n9L8H8aJqgWOQiDDGdyn29fRNcDdRVJ5fdyihfg=="
				},
				"has-flag": {
					"version": "4.0.0",
					"resolved": "https://registry.npmjs.org/has-flag/-/has-flag-4.0.0.tgz",
					"integrity": "sha512-EykJT/Q1KjTWctppgIAgfSO0tKVuZUjhgMr17kqTumMl6Afv3EISleU7qZUzoXDFTAHTDC4NOoG/ZxU3EvlMPQ=="
				},
				"jest-diff": {
					"version": "25.2.6",
					"resolved": "https://registry.npmjs.org/jest-diff/-/jest-diff-25.2.6.tgz",
					"integrity": "sha512-KuadXImtRghTFga+/adnNrv9s61HudRMR7gVSbP35UKZdn4IK2/0N0PpGZIqtmllK9aUyye54I3nu28OYSnqOg==",
					"requires": {
						"chalk": "^3.0.0",
						"diff-sequences": "^25.2.6",
						"jest-get-type": "^25.2.6",
						"pretty-format": "^25.2.6"
					}
				},
				"jest-get-type": {
					"version": "25.2.6",
					"resolved": "https://registry.npmjs.org/jest-get-type/-/jest-get-type-25.2.6.tgz",
					"integrity": "sha512-DxjtyzOHjObRM+sM1knti6or+eOgcGU4xVSb2HNP1TqO4ahsT+rqZg+nyqHWJSvWgKC5cG3QjGFBqxLghiF/Ig=="
				},
				"pretty-format": {
					"version": "25.2.6",
					"resolved": "https://registry.npmjs.org/pretty-format/-/pretty-format-25.2.6.tgz",
					"integrity": "sha512-DEiWxLBaCHneffrIT4B+TpMvkV9RNvvJrd3lY9ew1CEQobDzEXmYT1mg0hJhljZty7kCc10z13ohOFAE8jrUDg==",
					"requires": {
						"@jest/types": "^25.2.6",
						"ansi-regex": "^5.0.0",
						"ansi-styles": "^4.0.0",
						"react-is": "^16.12.0"
					}
				},
				"react-is": {
					"version": "16.13.1",
					"resolved": "https://registry.npmjs.org/react-is/-/react-is-16.13.1.tgz",
					"integrity": "sha512-24e6ynE2H+OKt4kqsOvNd8kBpV65zoxbA4BVsEOB3ARVWQki/DHzaUoC5KuON/BiccDaCCTZBuOcfZs70kR8bQ=="
				},
				"supports-color": {
					"version": "7.1.0",
					"resolved": "https://registry.npmjs.org/supports-color/-/supports-color-7.1.0.tgz",
					"integrity": "sha512-oRSIpR8pxT1Wr2FquTNnGet79b3BWljqOuoW/h4oBhxJ/HUbX5nX6JSruTkvXDCFMwDPvsaTTbvMLKZWSy0R5g==",
					"requires": {
						"has-flag": "^4.0.0"
					}
				}
			}
		}
	}
}
