{
  "name": "@rematch/immer",
  "version": "2.0.0-next.9",
  "lockfileVersion": 1,
  "requires": true,
  "dependencies": {
    "immer": {
      "version": "6.0.8",
      "resolved": "https://registry.npmjs.org/immer/-/immer-6.0.8.tgz",
      "integrity": "sha512-wmVdrkqL6OzhX5z2k/c0t8g+YzGy+V8B/r1GRdCTO0UcTiFkB0XVAxpJQT045KaNV2u14HzbLCYKJmt7yVCakg=="
    }
  }
}
