{
  "name": "@rematch/persist",
  "version": "0.2.1",
  "lockfileVersion": 1,
  "requires": true,
  "dependencies": {
    "@rematch/core": {
      "version": "0.1.3",
      "resolved": "https://registry.npmjs.org/@rematch/core/-/core-0.1.3.tgz",
      "integrity": "sha512-sMOHIRPWI/qV8tnLwudxDuTU+mrdtl0xQskv62bcle1yC4m+3s5c9SXjjVNGeNh82y94BWhtBRc2u4umOaNc7Q==",
      "dev": true,
      "requires": {
        "redux": "3.7.2"
      }
    },
    "@types/redux-persist": {
      "version": "4.3.1",
      "resolved": "https://registry.npmjs.org/@types/redux-persist/-/redux-persist-4.3.1.tgz",
      "integrity": "sha1-qkyHaFngvqUVXl95gOW4xGmdwuY=",
      "dev": true,
      "requires": {
        "redux-persist": "5.4.0"
      }
    },
    "js-tokens": {
      "version": "3.0.2",
      "resolved": "https://registry.npmjs.org/js-tokens/-/js-tokens-3.0.2.tgz",
      "integrity": "sha1-mGbfOVECEw449/mWvOtlRDIJwls=",
      "dev": true
    },
    "lodash": {
      "version": "4.17.4",
      "resolved": "https://registry.npmjs.org/lodash/-/lodash-4.17.4.tgz",
      "integrity": "sha1-eCA6TRwyiuHYbcpkYONptX9AVa4=",
      "dev": true
    },
    "lodash-es": {
      "version": "4.17.4",
      "resolved": "https://registry.npmjs.org/lodash-es/-/lodash-es-4.17.4.tgz",
      "integrity": "sha1-3MHXVS4VCgZABzupyzHXDwMpUOc=",
      "dev": true
    },
    "loose-envify": {
      "version": "1.3.1",
      "resolved": "https://registry.npmjs.org/loose-envify/-/loose-envify-1.3.1.tgz",
      "integrity": "sha1-0aitM/qc4OcT1l/dCsi3SNR4yEg=",
      "dev": true,
      "requires": {
        "js-tokens": "3.0.2"
      }
    },
    "redux": {
      "version": "3.7.2",
      "resolved": "https://registry.npmjs.org/redux/-/redux-3.7.2.tgz",
      "integrity": "sha512-pNqnf9q1hI5HHZRBkj3bAngGZW/JMCmexDlOxw4XagXY2o1327nHH54LoTjiPJ0gizoqPDRqWyX/00g0hD6w+A==",
      "dev": true,
      "requires": {
        "lodash": "4.17.4",
        "lodash-es": "4.17.4",
        "loose-envify": "1.3.1",
        "symbol-observable": "1.1.0"
      }
    },
    "redux-persist": {
      "version": "5.4.0",
      "resolved": "https://registry.npmjs.org/redux-persist/-/redux-persist-5.4.0.tgz",
      "integrity": "sha512-Ohp7g5WRx2rDyDk/bKKCgbD3ES6ahGPWxFEp3QPx2opwst0jJEbZKigZtQewUeJZnomN/7Zo3QglPDOZ6EdYEw=="
    },
    "symbol-observable": {
      "version": "1.1.0",
      "resolved": "https://registry.npmjs.org/symbol-observable/-/symbol-observable-1.1.0.tgz",
      "integrity": "sha512-dQoid9tqQ+uotGhuTKEY11X4xhyYePVnqGSoSm3OGKh2E8LZ6RPULp1uXTctk33IeERlrRJYoVSBglsL05F5Uw==",
      "dev": true
    }
  }
}
